<?xml version="1.0" encoding="utf-8"?>
<Project ToolsVersion="4.0" xmlns="http://schemas.microsoft.com/developer/msbuild/2003">
  <ItemGroup>
    <Filter Include="Source Files">
      <UniqueIdentifier>{4FC737F1-C7A5-4376-A066-2A32D752A2FF}</UniqueIdentifier>
      <Extensions>cpp;c;cc;cxx;def;odl;idl;hpj;bat;asm;asmx</Extensions>
    </Filter>
    <Filter Include="Header Files">
      <UniqueIdentifier>{93995380-89BD-4b04-88EB-625FBE52EBFB}</UniqueIdentifier>
      <Extensions>h;hh;hpp;hxx;hm;inl;inc;xsd</Extensions>
    </Filter>
    <Filter Include="Resource Files">
      <UniqueIdentifier>{67DA6AB6-F800-4c08-8B7A-83BB121AAD01}</UniqueIdentifier>
      <Extensions>rc;ico;cur;bmp;dlg;rc2;rct;bin;rgs;gif;jpg;jpeg;jpe;resx;tiff;tif;png;wav</Extensions>
    </Filter>
  </ItemGroup>
  <ItemGroup>
    <ClCompile Include="src\Action\Action.cpp">
      <Filter>Source Files</Filter>
    </ClCompile>
    <ClCompile Include="src\Action\ActionGroup.cpp">
      <Filter>Source Files</Filter>
    </ClCompile>
    <ClCompile Include="src\Action\ActionManager.cpp">
      <Filter>Source Files</Filter>
    </ClCompile>
    <ClCompile Include="src\Action\ActionMergable.cpp">
      <Filter>Source Files</Filter>
    </ClCompile>
    <ClCompile Include="src\Action\Bar\ActionBarAdd.cpp">
      <Filter>Source Files</Filter>
    </ClCompile>
    <ClCompile Include="src\Action\Bar\ActionBarDelete.cpp">
      <Filter>Source Files</Filter>
    </ClCompile>
    <ClCompile Include="src\Action\Bar\ActionBarEdit.cpp">
      <Filter>Source Files</Filter>
    </ClCompile>
    <ClCompile Include="src\Action\Bar\ActionBar__Add.cpp">
      <Filter>Source Files</Filter>
    </ClCompile>
    <ClCompile Include="src\Action\Bar\ActionBar__Delete.cpp">
      <Filter>Source Files</Filter>
    </ClCompile>
    <ClCompile Include="src\Action\Bar\ActionBar__Edit.cpp">
      <Filter>Source Files</Filter>
    </ClCompile>
    <ClCompile Include="src\Action\Bar\Action__ScaleData.cpp">
      <Filter>Source Files</Filter>
    </ClCompile>
    <ClCompile Include="src\Action\Bar\Action__ShiftData.cpp">
      <Filter>Source Files</Filter>
    </ClCompile>
    <ClCompile Include="src\Action\Curve\ActionCurveAdd.cpp">
      <Filter>Source Files</Filter>
    </ClCompile>
    <ClCompile Include="src\Action\Curve\ActionCurveAddPoint.cpp">
      <Filter>Source Files</Filter>
    </ClCompile>
    <ClCompile Include="src\Action\Curve\ActionCurveDelete.cpp">
      <Filter>Source Files</Filter>
    </ClCompile>
    <ClCompile Include="src\Action\Curve\ActionCurveDeletePoint.cpp">
      <Filter>Source Files</Filter>
    </ClCompile>
    <ClCompile Include="src\Action\Curve\ActionCurveEdit.cpp">
      <Filter>Source Files</Filter>
    </ClCompile>
    <ClCompile Include="src\Action\Curve\ActionCurveEditPoint.cpp">
      <Filter>Source Files</Filter>
    </ClCompile>
    <ClCompile Include="src\Action\Sample\ActionSampleAdd.cpp">
      <Filter>Source Files</Filter>
    </ClCompile>
    <ClCompile Include="src\Action\Sample\ActionSampleDelete.cpp">
      <Filter>Source Files</Filter>
    </ClCompile>
    <ClCompile Include="src\Action\Sample\ActionSampleEditName.cpp">
      <Filter>Source Files</Filter>
    </ClCompile>
    <ClCompile Include="src\Action\Sample\ActionSampleScale.cpp">
      <Filter>Source Files</Filter>
    </ClCompile>
    <ClCompile Include="src\Action\Song\ActionSongDeleteSelection.cpp">
      <Filter>Source Files</Filter>
    </ClCompile>
    <ClCompile Include="src\Action\Song\ActionSongMoveSelection.cpp">
      <Filter>Source Files</Filter>
    </ClCompile>
    <ClCompile Include="src\Action\Song\Data\ActionSongChangeAllTrackVolumes.cpp">
      <Filter>Source Files</Filter>
    </ClCompile>
    <ClCompile Include="src\Action\Song\Data\ActionSongSetDefaultFormat.cpp">
      <Filter>Source Files</Filter>
    </ClCompile>
    <ClCompile Include="src\Action\Song\Data\ActionSongSetSampleRate.cpp">
      <Filter>Source Files</Filter>
    </ClCompile>
    <ClCompile Include="src\Action\Tag\ActionTagAdd.cpp">
      <Filter>Source Files</Filter>
    </ClCompile>
    <ClCompile Include="src\Action\Tag\ActionTagDelete.cpp">
      <Filter>Source Files</Filter>
    </ClCompile>
    <ClCompile Include="src\Action\Tag\ActionTagEdit.cpp">
      <Filter>Source Files</Filter>
    </ClCompile>
    <ClCompile Include="src\Action\Track\ActionTrackAdd.cpp">
      <Filter>Source Files</Filter>
    </ClCompile>
    <ClCompile Include="src\Action\Track\ActionTrackDelete.cpp">
      <Filter>Source Files</Filter>
    </ClCompile>
    <ClCompile Include="src\Action\Track\ActionTrackMove.cpp">
      <Filter>Source Files</Filter>
    </ClCompile>
    <ClCompile Include="src\Action\Track\ActionTrack__DeleteEmpty.cpp">
      <Filter>Source Files</Filter>
    </ClCompile>
    <ClCompile Include="src\Action\Track\Buffer\ActionTrackCreateBuffers.cpp">
      <Filter>Source Files</Filter>
    </ClCompile>
    <ClCompile Include="src\Action\Track\Buffer\ActionTrackEditBuffer.cpp">
      <Filter>Source Files</Filter>
    </ClCompile>
    <ClCompile Include="src\Action\Track\Buffer\ActionTrackSetChannels.cpp">
      <Filter>Source Files</Filter>
    </ClCompile>
    <ClCompile Include="src\Action\Track\Buffer\ActionTrack__AbsorbBuffer.cpp">
      <Filter>Source Files</Filter>
    </ClCompile>
    <ClCompile Include="src\Action\Track\Buffer\ActionTrack__AddBuffer.cpp">
      <Filter>Source Files</Filter>
    </ClCompile>
    <ClCompile Include="src\Action\Track\Buffer\ActionTrack__BufferSetChannels.cpp">
      <Filter>Source Files</Filter>
    </ClCompile>
    <ClCompile Include="src\Action\Track\Buffer\ActionTrack__DeleteBuffer.cpp">
      <Filter>Source Files</Filter>
    </ClCompile>
    <ClCompile Include="src\Action\Track\Buffer\ActionTrack__GrowBuffer.cpp">
      <Filter>Source Files</Filter>
    </ClCompile>
    <ClCompile Include="src\Action\Track\Buffer\ActionTrack__ShrinkBuffer.cpp">
      <Filter>Source Files</Filter>
    </ClCompile>
    <ClCompile Include="src\Action\Track\Buffer\ActionTrack__SplitBuffer.cpp">
      <Filter>Source Files</Filter>
    </ClCompile>
    <ClCompile Include="src\Action\Track\Data\ActionTrackEditMuted.cpp">
      <Filter>Source Files</Filter>
    </ClCompile>
    <ClCompile Include="src\Action\Track\Data\ActionTrackEditName.cpp">
      <Filter>Source Files</Filter>
    </ClCompile>
    <ClCompile Include="src\Action\Track\Data\ActionTrackEditPanning.cpp">
      <Filter>Source Files</Filter>
    </ClCompile>
    <ClCompile Include="src\Action\Track\Data\ActionTrackEditVolume.cpp">
      <Filter>Source Files</Filter>
    </ClCompile>
    <ClCompile Include="src\Action\Track\Data\ActionTrackSetInstrument.cpp">
      <Filter>Source Files</Filter>
    </ClCompile>
    <ClCompile Include="src\Action\Track\Effect\ActionTrackAddAudioEffect.cpp">
      <Filter>Source Files</Filter>
    </ClCompile>
    <ClCompile Include="src\Action\Track\Effect\ActionTrackDeleteEffect.cpp">
      <Filter>Source Files</Filter>
    </ClCompile>
    <ClCompile Include="src\Action\Track\Effect\ActionTrackEditAudioEffect.cpp">
      <Filter>Source Files</Filter>
    </ClCompile>
    <ClCompile Include="src\Action\Track\Effect\ActionTrackMoveAudioEffect.cpp">
      <Filter>Source Files</Filter>
    </ClCompile>
    <ClCompile Include="src\Action\Track\Effect\ActionTrackToggleAudioEffectEnabled.cpp">
      <Filter>Source Files</Filter>
    </ClCompile>
    <ClCompile Include="src\Action\Track\Layer\ActionTrackFadeAdd.cpp">
      <Filter>Source Files</Filter>
    </ClCompile>
    <ClCompile Include="src\Action\Track\Layer\ActionTrackFadeDelete.cpp">
      <Filter>Source Files</Filter>
    </ClCompile>
    <ClCompile Include="src\Action\Track\Layer\ActionTrackLayerAdd.cpp">
      <Filter>Source Files</Filter>
    </ClCompile>
    <ClCompile Include="src\Action\Track\Layer\ActionTrackLayerDelete.cpp">
      <Filter>Source Files</Filter>
    </ClCompile>
    <ClCompile Include="src\Action\Track\Layer\ActionTrackLayerMakeTrack.cpp">
      <Filter>Source Files</Filter>
    </ClCompile>
    <ClCompile Include="src\Action\Track\Layer\ActionTrackLayerMarkDominant.cpp">
      <Filter>Source Files</Filter>
    </ClCompile>
    <ClCompile Include="src\Action\Track\Layer\ActionTrackLayerMerge.cpp">
      <Filter>Source Files</Filter>
    </ClCompile>
    <ClCompile Include="src\Action\Track\Layer\ActionTrackLayerMove.cpp">
      <Filter>Source Files</Filter>
    </ClCompile>
    <ClCompile Include="src\Action\Track\Layer\ActionTrackLayer__Delete.cpp">
      <Filter>Source Files</Filter>
    </ClCompile>
    <ClCompile Include="src\Action\Track\Marker\ActionTrackAddMarker.cpp">
      <Filter>Source Files</Filter>
    </ClCompile>
    <ClCompile Include="src\Action\Track\Marker\ActionTrackDeleteMarker.cpp">
      <Filter>Source Files</Filter>
    </ClCompile>
    <ClCompile Include="src\Action\Track\Marker\ActionTrackEditMarker.cpp">
      <Filter>Source Files</Filter>
    </ClCompile>
    <ClCompile Include="src\Action\Track\Midi\ActionTrackAddMidiEffect.cpp">
      <Filter>Source Files</Filter>
    </ClCompile>
    <ClCompile Include="src\Action\Track\Midi\ActionTrackAddMidiNote.cpp">
      <Filter>Source Files</Filter>
    </ClCompile>
    <ClCompile Include="src\Action\Track\Midi\ActionTrackDeleteMidiEffect.cpp">
      <Filter>Source Files</Filter>
    </ClCompile>
    <ClCompile Include="src\Action\Track\Midi\ActionTrackDeleteMidiNote.cpp">
      <Filter>Source Files</Filter>
    </ClCompile>
    <ClCompile Include="src\Action\Track\Midi\ActionTrackEditMidiEffect.cpp">
      <Filter>Source Files</Filter>
    </ClCompile>
    <ClCompile Include="src\Action\Track\Midi\ActionTrackEditMidiNote.cpp">
      <Filter>Source Files</Filter>
    </ClCompile>
    <ClCompile Include="src\Action\Track\Midi\ActionTrackInsertMidi.cpp">
      <Filter>Source Files</Filter>
    </ClCompile>
    <ClCompile Include="src\Action\Track\Midi\ActionTrackMoveMidiEffect.cpp">
      <Filter>Source Files</Filter>
    </ClCompile>
    <ClCompile Include="src\Action\Track\Midi\ActionTrackToggleMidiEffectEnabled.cpp">
      <Filter>Source Files</Filter>
    </ClCompile>
    <ClCompile Include="src\Action\Track\Sample\ActionTrackAddSample.cpp">
      <Filter>Source Files</Filter>
    </ClCompile>
    <ClCompile Include="src\Action\Track\Sample\ActionTrackDeleteSample.cpp">
      <Filter>Source Files</Filter>
    </ClCompile>
    <ClCompile Include="src\Action\Track\Sample\ActionTrackEditSample.cpp">
      <Filter>Source Files</Filter>
    </ClCompile>
    <ClCompile Include="src\Action\Track\Sample\ActionTrackInsertSample.cpp">
      <Filter>Source Files</Filter>
    </ClCompile>
    <ClCompile Include="src\Action\Track\Sample\ActionTrackInsertSelectedSamples.cpp">
      <Filter>Source Files</Filter>
    </ClCompile>
    <ClCompile Include="src\Action\Track\Sample\ActionTrackPasteAsSample.cpp">
      <Filter>Source Files</Filter>
    </ClCompile>
    <ClCompile Include="src\Action\Track\Sample\ActionTrackSampleFromSelection.cpp">
      <Filter>Source Files</Filter>
    </ClCompile>
    <ClCompile Include="src\Action\Track\Synthesizer\ActionTrackDetuneSynthesizer.cpp">
      <Filter>Source Files</Filter>
    </ClCompile>
    <ClCompile Include="src\Action\Track\Synthesizer\ActionTrackEditSynthesizer.cpp">
      <Filter>Source Files</Filter>
    </ClCompile>
    <ClCompile Include="src\Action\Track\Synthesizer\ActionTrackSetSynthesizer.cpp">
      <Filter>Source Files</Filter>
    </ClCompile>
    <ClCompile Include="src\Data\Audio\AudioBuffer.cpp">
      <Filter>Source Files</Filter>
    </ClCompile>
    <ClCompile Include="src\Data\Audio\BufferInterpolator.cpp">
      <Filter>Source Files</Filter>
    </ClCompile>
    <ClCompile Include="src\Data\Audio\RingBuffer.cpp">
      <Filter>Source Files</Filter>
    </ClCompile>
    <ClCompile Include="src\Data\base.cpp">
      <Filter>Source Files</Filter>
    </ClCompile>
    <ClCompile Include="src\Data\CrossFade.cpp">
      <Filter>Source Files</Filter>
    </ClCompile>
    <ClCompile Include="src\Data\Curve.cpp">
      <Filter>Source Files</Filter>
    </ClCompile>
    <ClCompile Include="src\Data\Data.cpp">
      <Filter>Source Files</Filter>
    </ClCompile>
    <ClCompile Include="src\Data\Midi\Clef.cpp">
      <Filter>Source Files</Filter>
    </ClCompile>
    <ClCompile Include="src\Data\Midi\Instrument.cpp">
      <Filter>Source Files</Filter>
    </ClCompile>
    <ClCompile Include="src\Data\Midi\MidiData.cpp">
      <Filter>Source Files</Filter>
    </ClCompile>
    <ClCompile Include="src\Data\Midi\MidiEvent.cpp">
      <Filter>Source Files</Filter>
    </ClCompile>
    <ClCompile Include="src\Data\Midi\MidiNote.cpp">
      <Filter>Source Files</Filter>
    </ClCompile>
    <ClCompile Include="src\Data\Midi\Scale.cpp">
      <Filter>Source Files</Filter>
    </ClCompile>
    <ClCompile Include="src\Data\Range.cpp">
      <Filter>Source Files</Filter>
    </ClCompile>
    <ClCompile Include="src\Data\Rhythm\Bar.cpp">
      <Filter>Source Files</Filter>
    </ClCompile>
    <ClCompile Include="src\Data\Rhythm\BarCollection.cpp">
      <Filter>Source Files</Filter>
    </ClCompile>
    <ClCompile Include="src\Data\Rhythm\Beat.cpp">
      <Filter>Source Files</Filter>
    </ClCompile>
    <ClCompile Include="src\Data\Sample.cpp">
      <Filter>Source Files</Filter>
    </ClCompile>
    <ClCompile Include="src\Data\SampleRef.cpp">
      <Filter>Source Files</Filter>
    </ClCompile>
    <ClCompile Include="src\Data\Song.cpp">
      <Filter>Source Files</Filter>
    </ClCompile>
    <ClCompile Include="src\Data\SongSelection.cpp">
      <Filter>Source Files</Filter>
    </ClCompile>
    <ClCompile Include="src\Data\Track.cpp">
      <Filter>Source Files</Filter>
    </ClCompile>
    <ClCompile Include="src\Data\TrackLayer.cpp">
      <Filter>Source Files</Filter>
    </ClCompile>
    <ClCompile Include="src\Data\TrackMarker.cpp">
      <Filter>Source Files</Filter>
    </ClCompile>
    <ClCompile Include="src\Device\Device.cpp">
      <Filter>Source Files</Filter>
    </ClCompile>
    <ClCompile Include="src\Device\DeviceManager.cpp">
      <Filter>Source Files</Filter>
    </ClCompile>
    <ClCompile Include="src\lib\base\array.cpp">
      <Filter>Source Files</Filter>
    </ClCompile>
    <ClCompile Include="src\lib\base\strings.cpp">
      <Filter>Source Files</Filter>
    </ClCompile>
    <ClCompile Include="src\lib\file\file.cpp">
      <Filter>Source Files</Filter>
    </ClCompile>
    <ClCompile Include="src\lib\file\file_op.cpp">
      <Filter>Source Files</Filter>
    </ClCompile>
    <ClCompile Include="src\lib\file\msg.cpp">
      <Filter>Source Files</Filter>
    </ClCompile>
    <ClCompile Include="src\lib\hui\Application.cpp">
      <Filter>Source Files</Filter>
    </ClCompile>
    <ClCompile Include="src\lib\hui\Callback.cpp">
      <Filter>Source Files</Filter>
    </ClCompile>
    <ClCompile Include="src\lib\hui\Clipboard.cpp">
      <Filter>Source Files</Filter>
    </ClCompile>
    <ClCompile Include="src\lib\hui\common_dlg.cpp">
      <Filter>Source Files</Filter>
    </ClCompile>
    <ClCompile Include="src\lib\hui\common_dlg_gtk.cpp">
      <Filter>Source Files</Filter>
    </ClCompile>
    <ClCompile Include="src\lib\hui\common_dlg_win.cpp">
      <Filter>Source Files</Filter>
    </ClCompile>
    <ClCompile Include="src\lib\hui\Config.cpp">
      <Filter>Source Files</Filter>
    </ClCompile>
    <ClCompile Include="src\lib\hui\Controls\Control.cpp">
      <Filter>Source Files</Filter>
    </ClCompile>
    <ClCompile Include="src\lib\hui\Controls\ControlButtonGtk.cpp">
      <Filter>Source Files</Filter>
    </ClCompile>
    <ClCompile Include="src\lib\hui\Controls\ControlCheckBoxGtk.cpp">
      <Filter>Source Files</Filter>
    </ClCompile>
    <ClCompile Include="src\lib\hui\Controls\ControlColorButtonGtk.cpp">
      <Filter>Source Files</Filter>
    </ClCompile>
    <ClCompile Include="src\lib\hui\Controls\ControlComboBoxGtk.cpp">
      <Filter>Source Files</Filter>
    </ClCompile>
    <ClCompile Include="src\lib\hui\Controls\ControlDrawingAreaGtk.cpp">
      <Filter>Source Files</Filter>
    </ClCompile>
    <ClCompile Include="src\lib\hui\Controls\ControlEditGtk.cpp">
      <Filter>Source Files</Filter>
    </ClCompile>
    <ClCompile Include="src\lib\hui\Controls\ControlExpanderGtk.cpp">
      <Filter>Source Files</Filter>
    </ClCompile>
    <ClCompile Include="src\lib\hui\Controls\ControlGridGtk.cpp">
      <Filter>Source Files</Filter>
    </ClCompile>
    <ClCompile Include="src\lib\hui\Controls\ControlGroupGtk.cpp">
      <Filter>Source Files</Filter>
    </ClCompile>
    <ClCompile Include="src\lib\hui\Controls\ControlLabelGtk.cpp">
      <Filter>Source Files</Filter>
    </ClCompile>
    <ClCompile Include="src\lib\hui\Controls\ControlListViewGtk.cpp">
      <Filter>Source Files</Filter>
    </ClCompile>
    <ClCompile Include="src\lib\hui\Controls\ControlMenuButtonGtk.cpp">
      <Filter>Source Files</Filter>
    </ClCompile>
    <ClCompile Include="src\lib\hui\Controls\ControlMultilineEditGtk.cpp">
      <Filter>Source Files</Filter>
    </ClCompile>
    <ClCompile Include="src\lib\hui\Controls\ControlPanedGtk.cpp">
      <Filter>Source Files</Filter>
    </ClCompile>
    <ClCompile Include="src\lib\hui\Controls\ControlProgressBarGtk.cpp">
      <Filter>Source Files</Filter>
    </ClCompile>
    <ClCompile Include="src\lib\hui\Controls\ControlRadioButtonGtk.cpp">
      <Filter>Source Files</Filter>
    </ClCompile>
    <ClCompile Include="src\lib\hui\Controls\ControlRevealerGtk.cpp">
      <Filter>Source Files</Filter>
    </ClCompile>
    <ClCompile Include="src\lib\hui\Controls\ControlScrollerGtk.cpp">
      <Filter>Source Files</Filter>
    </ClCompile>
    <ClCompile Include="src\lib\hui\Controls\ControlSeparatorGtk.cpp">
      <Filter>Source Files</Filter>
    </ClCompile>
    <ClCompile Include="src\lib\hui\Controls\ControlSliderGtk.cpp">
      <Filter>Source Files</Filter>
    </ClCompile>
    <ClCompile Include="src\lib\hui\Controls\ControlSpinButtonGtk.cpp">
      <Filter>Source Files</Filter>
    </ClCompile>
    <ClCompile Include="src\lib\hui\Controls\ControlTabControlGtk.cpp">
      <Filter>Source Files</Filter>
    </ClCompile>
    <ClCompile Include="src\lib\hui\Controls\ControlToggleButtonGtk.cpp">
      <Filter>Source Files</Filter>
    </ClCompile>
    <ClCompile Include="src\lib\hui\Controls\ControlTreeViewGtk.cpp">
      <Filter>Source Files</Filter>
    </ClCompile>
    <ClCompile Include="src\lib\hui\Controls\MenuItemGtk.cpp">
      <Filter>Source Files</Filter>
    </ClCompile>
    <ClCompile Include="src\lib\hui\Controls\MenuItemSeparatorGtk.cpp">
      <Filter>Source Files</Filter>
    </ClCompile>
    <ClCompile Include="src\lib\hui\Controls\MenuItemSeparatorWin.cpp">
      <Filter>Source Files</Filter>
    </ClCompile>
    <ClCompile Include="src\lib\hui\Controls\MenuItemSubmenuGtk.cpp">
      <Filter>Source Files</Filter>
    </ClCompile>
    <ClCompile Include="src\lib\hui\Controls\MenuItemSubmenuWin.cpp">
      <Filter>Source Files</Filter>
    </ClCompile>
    <ClCompile Include="src\lib\hui\Controls\MenuItemToggleGtk.cpp">
      <Filter>Source Files</Filter>
    </ClCompile>
    <ClCompile Include="src\lib\hui\Controls\MenuItemToggleWin.cpp">
      <Filter>Source Files</Filter>
    </ClCompile>
    <ClCompile Include="src\lib\hui\Controls\MenuItemWin.cpp">
      <Filter>Source Files</Filter>
    </ClCompile>
    <ClCompile Include="src\lib\hui\Controls\ToolItemButtonGtk.cpp">
      <Filter>Source Files</Filter>
    </ClCompile>
    <ClCompile Include="src\lib\hui\Controls\ToolItemButtonWin.cpp">
      <Filter>Source Files</Filter>
    </ClCompile>
    <ClCompile Include="src\lib\hui\Controls\ToolItemMenuButtonGtk.cpp">
      <Filter>Source Files</Filter>
    </ClCompile>
    <ClCompile Include="src\lib\hui\Controls\ToolItemMenuButtonWin.cpp">
      <Filter>Source Files</Filter>
    </ClCompile>
    <ClCompile Include="src\lib\hui\Controls\ToolItemSeparatorGtk.cpp">
      <Filter>Source Files</Filter>
    </ClCompile>
    <ClCompile Include="src\lib\hui\Controls\ToolItemSeparatorWin.cpp">
      <Filter>Source Files</Filter>
    </ClCompile>
    <ClCompile Include="src\lib\hui\Controls\ToolItemToggleButtonGtk.cpp">
      <Filter>Source Files</Filter>
    </ClCompile>
    <ClCompile Include="src\lib\hui\Controls\ToolItemToggleButtonWin.cpp">
      <Filter>Source Files</Filter>
    </ClCompile>
    <ClCompile Include="src\lib\hui\error.cpp">
      <Filter>Source Files</Filter>
    </ClCompile>
    <ClCompile Include="src\lib\hui\Event.cpp">
      <Filter>Source Files</Filter>
    </ClCompile>
    <ClCompile Include="src\lib\hui\hui.cpp">
      <Filter>Source Files</Filter>
    </ClCompile>
    <ClCompile Include="src\lib\hui\language.cpp">
      <Filter>Source Files</Filter>
    </ClCompile>
    <ClCompile Include="src\lib\hui\main_gtk.cpp">
      <Filter>Source Files</Filter>
    </ClCompile>
    <ClCompile Include="src\lib\hui\main_win.cpp">
      <Filter>Source Files</Filter>
    </ClCompile>
    <ClCompile Include="src\lib\hui\Menu.cpp">
      <Filter>Source Files</Filter>
    </ClCompile>
    <ClCompile Include="src\lib\hui\MenuGtk.cpp">
      <Filter>Source Files</Filter>
    </ClCompile>
    <ClCompile Include="src\lib\hui\MenuWin.cpp">
      <Filter>Source Files</Filter>
    </ClCompile>
    <ClCompile Include="src\lib\hui\PainterGtk.cpp">
      <Filter>Source Files</Filter>
    </ClCompile>
    <ClCompile Include="src\lib\hui\Panel.cpp">
      <Filter>Source Files</Filter>
    </ClCompile>
    <ClCompile Include="src\lib\hui\Resource.cpp">
      <Filter>Source Files</Filter>
    </ClCompile>
    <ClCompile Include="src\lib\hui\Timer.cpp">
      <Filter>Source Files</Filter>
    </ClCompile>
    <ClCompile Include="src\lib\hui\Toolbar.cpp">
      <Filter>Source Files</Filter>
    </ClCompile>
    <ClCompile Include="src\lib\hui\ToolbarGtk.cpp">
      <Filter>Source Files</Filter>
    </ClCompile>
    <ClCompile Include="src\lib\hui\ToolbarWin.cpp">
      <Filter>Source Files</Filter>
    </ClCompile>
    <ClCompile Include="src\lib\hui\utility.cpp">
      <Filter>Source Files</Filter>
    </ClCompile>
    <ClCompile Include="src\lib\hui\Window.cpp">
      <Filter>Source Files</Filter>
    </ClCompile>
    <ClCompile Include="src\lib\hui\WindowGtk.cpp">
      <Filter>Source Files</Filter>
    </ClCompile>
    <ClCompile Include="src\lib\hui\WindowWin.cpp">
      <Filter>Source Files</Filter>
    </ClCompile>
    <ClCompile Include="src\lib\hui\window_control.cpp">
      <Filter>Source Files</Filter>
    </ClCompile>
    <ClCompile Include="src\lib\hui\window_control_gtk.cpp">
      <Filter>Source Files</Filter>
    </ClCompile>
    <ClCompile Include="src\lib\hui\window_control_win.cpp">
      <Filter>Source Files</Filter>
    </ClCompile>
    <ClCompile Include="src\lib\image\color.cpp">
      <Filter>Source Files</Filter>
    </ClCompile>
    <ClCompile Include="src\lib\image\image.cpp">
      <Filter>Source Files</Filter>
    </ClCompile>
    <ClCompile Include="src\lib\image\ImagePainter.cpp">
      <Filter>Source Files</Filter>
    </ClCompile>
    <ClCompile Include="src\lib\image\image_bmp.cpp">
      <Filter>Source Files</Filter>
    </ClCompile>
    <ClCompile Include="src\lib\image\image_jpg.cpp">
      <Filter>Source Files</Filter>
    </ClCompile>
    <ClCompile Include="src\lib\image\image_png.cpp">
      <Filter>Source Files</Filter>
    </ClCompile>
    <ClCompile Include="src\lib\image\image_tga.cpp">
      <Filter>Source Files</Filter>
    </ClCompile>
    <ClCompile Include="src\lib\kaba\asm\asm.cpp">
      <Filter>Source Files</Filter>
    </ClCompile>
    <ClCompile Include="src\lib\kaba\compiler\compiler.cpp">
      <Filter>Source Files</Filter>
    </ClCompile>
    <ClCompile Include="src\lib\kaba\compiler\mapper.cpp">
      <Filter>Source Files</Filter>
    </ClCompile>
    <ClCompile Include="src\lib\kaba\compiler\serializer.cpp">
      <Filter>Source Files</Filter>
    </ClCompile>
    <ClCompile Include="src\lib\kaba\compiler\serializer_amd64.cpp">
      <Filter>Source Files</Filter>
    </ClCompile>
    <ClCompile Include="src\lib\kaba\compiler\serializer_arm.cpp">
      <Filter>Source Files</Filter>
    </ClCompile>
    <ClCompile Include="src\lib\kaba\compiler\serializer_x86.cpp">
      <Filter>Source Files</Filter>
    </ClCompile>
    <ClCompile Include="src\lib\kaba\kaba.cpp">
      <Filter>Source Files</Filter>
    </ClCompile>
    <ClCompile Include="src\lib\kaba\lib\exception.cpp">
      <Filter>Source Files</Filter>
    </ClCompile>
    <ClCompile Include="src\lib\kaba\lib\lib.cpp">
      <Filter>Source Files</Filter>
    </ClCompile>
    <ClCompile Include="src\lib\kaba\lib\lib_file.cpp">
      <Filter>Source Files</Filter>
    </ClCompile>
    <ClCompile Include="src\lib\kaba\lib\lib_hui.cpp">
      <Filter>Source Files</Filter>
    </ClCompile>
    <ClCompile Include="src\lib\kaba\lib\lib_image.cpp">
      <Filter>Source Files</Filter>
    </ClCompile>
    <ClCompile Include="src\lib\kaba\lib\lib_math.cpp">
      <Filter>Source Files</Filter>
    </ClCompile>
    <ClCompile Include="src\lib\kaba\lib\lib_net.cpp">
      <Filter>Source Files</Filter>
    </ClCompile>
    <ClCompile Include="src\lib\kaba\lib\lib_nix.cpp">
      <Filter>Source Files</Filter>
    </ClCompile>
    <ClCompile Include="src\lib\kaba\lib\lib_sound.cpp">
      <Filter>Source Files</Filter>
    </ClCompile>
    <ClCompile Include="src\lib\kaba\lib\lib_threads.cpp">
      <Filter>Source Files</Filter>
    </ClCompile>
    <ClCompile Include="src\lib\kaba\lib\lib_x.cpp">
      <Filter>Source Files</Filter>
    </ClCompile>
    <ClCompile Include="src\lib\kaba\syntax\Class.cpp">
      <Filter>Source Files</Filter>
    </ClCompile>
    <ClCompile Include="src\lib\kaba\syntax\Constant.cpp">
      <Filter>Source Files</Filter>
    </ClCompile>
    <ClCompile Include="src\lib\kaba\syntax\Function.cpp">
      <Filter>Source Files</Filter>
    </ClCompile>
    <ClCompile Include="src\lib\kaba\syntax\implicit.cpp">
      <Filter>Source Files</Filter>
    </ClCompile>
    <ClCompile Include="src\lib\kaba\syntax\lexical.cpp">
      <Filter>Source Files</Filter>
    </ClCompile>
    <ClCompile Include="src\lib\kaba\syntax\Node.cpp">
      <Filter>Source Files</Filter>
    </ClCompile>
    <ClCompile Include="src\lib\kaba\syntax\parser.cpp">
      <Filter>Source Files</Filter>
    </ClCompile>
    <ClCompile Include="src\lib\kaba\syntax\precompiler.cpp">
      <Filter>Source Files</Filter>
    </ClCompile>
    <ClCompile Include="src\lib\kaba\syntax\preprocessor.cpp">
      <Filter>Source Files</Filter>
    </ClCompile>
    <ClCompile Include="src\lib\kaba\syntax\SyntaxTree.cpp">
      <Filter>Source Files</Filter>
    </ClCompile>
    <ClCompile Include="src\lib\math\complex.cpp">
      <Filter>Source Files</Filter>
    </ClCompile>
    <ClCompile Include="src\lib\math\interpolation.cpp">
      <Filter>Source Files</Filter>
    </ClCompile>
    <ClCompile Include="src\lib\math\math.cpp">
      <Filter>Source Files</Filter>
    </ClCompile>
    <ClCompile Include="src\lib\math\matrix.cpp">
      <Filter>Source Files</Filter>
    </ClCompile>
    <ClCompile Include="src\lib\math\matrix3.cpp">
      <Filter>Source Files</Filter>
    </ClCompile>
    <ClCompile Include="src\lib\math\plane.cpp">
      <Filter>Source Files</Filter>
    </ClCompile>
    <ClCompile Include="src\lib\math\quaternion.cpp">
      <Filter>Source Files</Filter>
    </ClCompile>
    <ClCompile Include="src\lib\math\random.cpp">
      <Filter>Source Files</Filter>
    </ClCompile>
    <ClCompile Include="src\lib\math\ray.cpp">
      <Filter>Source Files</Filter>
    </ClCompile>
    <ClCompile Include="src\lib\math\rect.cpp">
      <Filter>Source Files</Filter>
    </ClCompile>
    <ClCompile Include="src\lib\math\vector.cpp">
      <Filter>Source Files</Filter>
    </ClCompile>
    <ClCompile Include="src\lib\net\net.cpp">
      <Filter>Source Files</Filter>
    </ClCompile>
    <ClCompile Include="src\lib\threads\Mutex.cpp">
      <Filter>Source Files</Filter>
    </ClCompile>
    <ClCompile Include="src\lib\threads\Thread.cpp">
      <Filter>Source Files</Filter>
    </ClCompile>
    <ClCompile Include="src\lib\threads\ThreadedWork.cpp">
      <Filter>Source Files</Filter>
    </ClCompile>
    <ClCompile Include="src\lib\xfile\chunked.cpp">
      <Filter>Source Files</Filter>
    </ClCompile>
    <ClCompile Include="src\lib\xfile\pdf.cpp">
      <Filter>Source Files</Filter>
    </ClCompile>
    <ClCompile Include="src\lib\xfile\xml.cpp">
      <Filter>Source Files</Filter>
    </ClCompile>
    <ClCompile Include="src\Module\Audio\AudioBackup.cpp">
      <Filter>Source Files</Filter>
    </ClCompile>
    <ClCompile Include="src\Module\Audio\AudioEffect.cpp">
      <Filter>Source Files</Filter>
    </ClCompile>
    <ClCompile Include="src\Module\Audio\AudioJoiner.cpp">
      <Filter>Source Files</Filter>
    </ClCompile>
    <ClCompile Include="src\Module\Audio\AudioRecorder.cpp">
      <Filter>Source Files</Filter>
    </ClCompile>
    <ClCompile Include="src\Module\Audio\AudioSource.cpp">
      <Filter>Source Files</Filter>
    </ClCompile>
    <ClCompile Include="src\Module\Audio\AudioSucker.cpp">
      <Filter>Source Files</Filter>
    </ClCompile>
    <ClCompile Include="src\Module\Audio\AudioVisualizer.cpp">
      <Filter>Source Files</Filter>
    </ClCompile>
    <ClCompile Include="src\Module\Audio\BufferStreamer.cpp">
      <Filter>Source Files</Filter>
    </ClCompile>
    <ClCompile Include="src\Module\Audio\PeakMeter.cpp">
      <Filter>Source Files</Filter>
    </ClCompile>
    <ClCompile Include="src\Module\Audio\PitchDetector.cpp">
      <Filter>Source Files</Filter>
    </ClCompile>
    <ClCompile Include="src\Module\Audio\SongRenderer.cpp">
      <Filter>Source Files</Filter>
    </ClCompile>
    <ClCompile Include="src\Module\Audio\TrackRenderer.cpp">
      <Filter>Source Files</Filter>
    </ClCompile>
    <ClCompile Include="src\Module\AutoConfigPanel.cpp">
      <Filter>Source Files</Filter>
    </ClCompile>
    <ClCompile Include="src\Module\Beats\BarStreamer.cpp">
      <Filter>Source Files</Filter>
    </ClCompile>
    <ClCompile Include="src\Module\Beats\BeatMidifier.cpp">
      <Filter>Source Files</Filter>
    </ClCompile>
    <ClCompile Include="src\Module\Beats\BeatSource.cpp">
      <Filter>Source Files</Filter>
    </ClCompile>
    <ClCompile Include="src\Module\ConfigPanel.cpp">
      <Filter>Source Files</Filter>
    </ClCompile>
    <ClCompile Include="src\Module\Midi\MidiEffect.cpp">
      <Filter>Source Files</Filter>
    </ClCompile>
    <ClCompile Include="src\Module\Midi\MidiEventStreamer.cpp">
      <Filter>Source Files</Filter>
    </ClCompile>
    <ClCompile Include="src\Module\Midi\MidiRecorder.cpp">
      <Filter>Source Files</Filter>
    </ClCompile>
    <ClCompile Include="src\Module\Midi\MidiSource.cpp">
      <Filter>Source Files</Filter>
    </ClCompile>
    <ClCompile Include="src\Module\Midi\MidiSucker.cpp">
      <Filter>Source Files</Filter>
    </ClCompile>
    <ClCompile Include="src\Module\Module.cpp">
      <Filter>Source Files</Filter>
    </ClCompile>
    <ClCompile Include="src\Module\ModuleConfiguration.cpp">
      <Filter>Source Files</Filter>
    </ClCompile>
    <ClCompile Include="src\Module\ModuleFactory.cpp">
      <Filter>Source Files</Filter>
    </ClCompile>
    <ClCompile Include="src\Module\Port\Port.cpp">
      <Filter>Source Files</Filter>
    </ClCompile>
    <ClCompile Include="src\Module\SignalChain.cpp">
      <Filter>Source Files</Filter>
    </ClCompile>
    <ClCompile Include="src\Module\Synth\DummySynthesizer.cpp">
      <Filter>Source Files</Filter>
    </ClCompile>
    <ClCompile Include="src\Module\Synth\EnvelopeADSR.cpp">
      <Filter>Source Files</Filter>
    </ClCompile>
    <ClCompile Include="src\Module\Synth\SampleSynthesizer.cpp">
      <Filter>Source Files</Filter>
    </ClCompile>
    <ClCompile Include="src\Module\Synth\Synthesizer.cpp">
      <Filter>Source Files</Filter>
    </ClCompile>
    <ClCompile Include="src\Plugins\ExtendedAudioBuffer.cpp">
      <Filter>Source Files</Filter>
    </ClCompile>
    <ClCompile Include="src\Plugins\FastFourierTransform.cpp">
      <Filter>Source Files</Filter>
    </ClCompile>
    <ClCompile Include="src\Plugins\FavoriteManager.cpp">
      <Filter>Source Files</Filter>
    </ClCompile>
    <ClCompile Include="src\Plugins\Plugin.cpp">
      <Filter>Source Files</Filter>
    </ClCompile>
    <ClCompile Include="src\Plugins\PluginManager.cpp">
      <Filter>Source Files</Filter>
    </ClCompile>
    <ClCompile Include="src\Plugins\SongPlugin.cpp">
      <Filter>Source Files</Filter>
    </ClCompile>
    <ClCompile Include="src\Plugins\TsunamiPlugin.cpp">
      <Filter>Source Files</Filter>
    </ClCompile>
    <ClCompile Include="src\Session.cpp">
      <Filter>Source Files</Filter>
    </ClCompile>
    <ClCompile Include="src\Storage\Dialog\PdfConfigDialog.cpp">
      <Filter>Source Files</Filter>
    </ClCompile>
    <ClCompile Include="src\Storage\Dialog\RawConfigDialog.cpp">
      <Filter>Source Files</Filter>
    </ClCompile>
    <ClCompile Include="src\Storage\Format\Format.cpp">
      <Filter>Source Files</Filter>
    </ClCompile>
    <ClCompile Include="src\Storage\Format\FormatFlac.cpp">
      <Filter>Source Files</Filter>
    </ClCompile>
    <ClCompile Include="src\Storage\Format\FormatGuitarPro.cpp">
      <Filter>Source Files</Filter>
    </ClCompile>
    <ClCompile Include="src\Storage\Format\FormatM4a.cpp">
      <Filter>Source Files</Filter>
    </ClCompile>
    <ClCompile Include="src\Storage\Format\FormatMidi.cpp">
      <Filter>Source Files</Filter>
    </ClCompile>
    <ClCompile Include="src\Storage\Format\FormatMp3.cpp">
      <Filter>Source Files</Filter>
    </ClCompile>
    <ClCompile Include="src\Storage\Format\FormatNami.cpp">
      <Filter>Source Files</Filter>
    </ClCompile>
    <ClCompile Include="src\Storage\Format\FormatOgg.cpp">
      <Filter>Source Files</Filter>
    </ClCompile>
    <ClCompile Include="src\Storage\Format\FormatPdf.cpp">
      <Filter>Source Files</Filter>
    </ClCompile>
    <ClCompile Include="src\Storage\Format\FormatRaw.cpp">
      <Filter>Source Files</Filter>
    </ClCompile>
    <ClCompile Include="src\Storage\Format\FormatSoundFont2.cpp">
      <Filter>Source Files</Filter>
    </ClCompile>
    <ClCompile Include="src\Storage\Format\FormatWave.cpp">
      <Filter>Source Files</Filter>
    </ClCompile>
    <ClCompile Include="src\Storage\Storage.cpp">
      <Filter>Source Files</Filter>
    </ClCompile>
    <ClCompile Include="src\Storage\StorageOperationData.cpp">
      <Filter>Source Files</Filter>
    </ClCompile>
    <ClCompile Include="src\Stream\AudioInput.cpp">
      <Filter>Source Files</Filter>
    </ClCompile>
    <ClCompile Include="src\Stream\AudioOutput.cpp">
      <Filter>Source Files</Filter>
    </ClCompile>
    <ClCompile Include="src\Stream\MidiInput.cpp">
      <Filter>Source Files</Filter>
    </ClCompile>
    <ClCompile Include="src\Stuff\BackupManager.cpp">
      <Filter>Source Files</Filter>
    </ClCompile>
    <ClCompile Include="src\Stuff\Clipboard.cpp">
      <Filter>Source Files</Filter>
    </ClCompile>
    <ClCompile Include="src\Stuff\Log.cpp">
      <Filter>Source Files</Filter>
    </ClCompile>
    <ClCompile Include="src\Stuff\Observable.cpp">
      <Filter>Source Files</Filter>
    </ClCompile>
    <ClCompile Include="src\Stuff\PerformanceMonitor.cpp">
      <Filter>Source Files</Filter>
    </ClCompile>
    <ClCompile Include="src\Test\TestAudioBuffer.cpp">
      <Filter>Source Files</Filter>
    </ClCompile>
    <ClCompile Include="src\Test\TestMidiPreview.cpp">
      <Filter>Source Files</Filter>
    </ClCompile>
    <ClCompile Include="src\Test\TestMixer.cpp">
      <Filter>Source Files</Filter>
    </ClCompile>
    <ClCompile Include="src\Test\TestPlugins.cpp">
      <Filter>Source Files</Filter>
    </ClCompile>
    <ClCompile Include="src\Test\TestRhythm.cpp">
      <Filter>Source Files</Filter>
    </ClCompile>
    <ClCompile Include="src\Test\TestRingBuffer.cpp">
      <Filter>Source Files</Filter>
    </ClCompile>
    <ClCompile Include="src\Test\TestStreams.cpp">
      <Filter>Source Files</Filter>
    </ClCompile>
    <ClCompile Include="src\Test\TestThreads.cpp">
      <Filter>Source Files</Filter>
    </ClCompile>
    <ClCompile Include="src\Test\UnitTest.cpp">
      <Filter>Source Files</Filter>
    </ClCompile>
    <ClCompile Include="src\Tsunami.cpp">
      <Filter>Source Files</Filter>
    </ClCompile>
    <ClCompile Include="src\TsunamiWindow.cpp">
      <Filter>Source Files</Filter>
    </ClCompile>
    <ClCompile Include="src\View\AudioView.cpp">
      <Filter>Source Files</Filter>
    </ClCompile>
    <ClCompile Include="src\View\AudioViewLayer.cpp">
      <Filter>Source Files</Filter>
    </ClCompile>
    <ClCompile Include="src\View\AudioViewTrack.cpp">
      <Filter>Source Files</Filter>
    </ClCompile>
    <ClCompile Include="src\View\BottomBar\BottomBar.cpp">
      <Filter>Source Files</Filter>
    </ClCompile>
    <ClCompile Include="src\View\BottomBar\DeviceConsole.cpp">
      <Filter>Source Files</Filter>
    </ClCompile>
    <ClCompile Include="src\View\BottomBar\LogConsole.cpp">
      <Filter>Source Files</Filter>
    </ClCompile>
    <ClCompile Include="src\View\BottomBar\MiniBar.cpp">
      <Filter>Source Files</Filter>
    </ClCompile>
    <ClCompile Include="src\View\BottomBar\MixingConsole.cpp">
      <Filter>Source Files</Filter>
    </ClCompile>
    <ClCompile Include="src\View\BottomBar\PluginConsole.cpp">
      <Filter>Source Files</Filter>
    </ClCompile>
    <ClCompile Include="src\View\BottomBar\SignalEditor.cpp">
      <Filter>Source Files</Filter>
    </ClCompile>
    <ClCompile Include="src\View\ColorScheme.cpp">
      <Filter>Source Files</Filter>
    </ClCompile>
    <ClCompile Include="src\View\Dialog\BarAddDialog.cpp">
      <Filter>Source Files</Filter>
    </ClCompile>
    <ClCompile Include="src\View\Dialog\BarDeleteDialog.cpp">
      <Filter>Source Files</Filter>
    </ClCompile>
    <ClCompile Include="src\View\Dialog\BarEditDialog.cpp">
      <Filter>Source Files</Filter>
    </ClCompile>
    <ClCompile Include="src\View\Dialog\ConfigurableSelectorDialog.cpp">
      <Filter>Source Files</Filter>
    </ClCompile>
    <ClCompile Include="src\View\Dialog\DetuneSynthesizerDialog.cpp">
      <Filter>Source Files</Filter>
    </ClCompile>
    <ClCompile Include="src\View\Dialog\MarkerDialog.cpp">
      <Filter>Source Files</Filter>
    </ClCompile>
    <ClCompile Include="src\View\Dialog\NewDialog.cpp">
      <Filter>Source Files</Filter>
    </ClCompile>
    <ClCompile Include="src\View\Dialog\PauseAddDialog.cpp">
      <Filter>Source Files</Filter>
    </ClCompile>
    <ClCompile Include="src\View\Dialog\PauseEditDialog.cpp">
      <Filter>Source Files</Filter>
    </ClCompile>
    <ClCompile Include="src\View\Dialog\SampleScaleDialog.cpp">
      <Filter>Source Files</Filter>
    </ClCompile>
    <ClCompile Include="src\View\Dialog\SettingsDialog.cpp">
      <Filter>Source Files</Filter>
    </ClCompile>
    <ClCompile Include="src\View\Dialog\TuningDialog.cpp">
      <Filter>Source Files</Filter>
    </ClCompile>
    <ClCompile Include="src\View\Helper\CpuDisplay.cpp">
      <Filter>Source Files</Filter>
    </ClCompile>
    <ClCompile Include="src\View\Helper\MidiPreview.cpp">
      <Filter>Source Files</Filter>
    </ClCompile>
    <ClCompile Include="src\View\Helper\PeakMeterDisplay.cpp">
      <Filter>Source Files</Filter>
    </ClCompile>
    <ClCompile Include="src\View\Helper\Progress.cpp">
      <Filter>Source Files</Filter>
    </ClCompile>
    <ClCompile Include="src\View\Helper\ScrollBar.cpp">
      <Filter>Source Files</Filter>
    </ClCompile>
    <ClCompile Include="src\View\Helper\Slider.cpp">
      <Filter>Source Files</Filter>
    </ClCompile>
    <ClCompile Include="src\View\Helper\SymbolRenderer.cpp">
      <Filter>Source Files</Filter>
    </ClCompile>
    <ClCompile Include="src\View\Mode\ViewMode.cpp">
      <Filter>Source Files</Filter>
    </ClCompile>
    <ClCompile Include="src\View\Mode\ViewModeCapture.cpp">
      <Filter>Source Files</Filter>
    </ClCompile>
    <ClCompile Include="src\View\Mode\ViewModeCurve.cpp">
      <Filter>Source Files</Filter>
    </ClCompile>
    <ClCompile Include="src\View\Mode\ViewModeDefault.cpp">
      <Filter>Source Files</Filter>
    </ClCompile>
    <ClCompile Include="src\View\Mode\ViewModeMidi.cpp">
      <Filter>Source Files</Filter>
    </ClCompile>
    <ClCompile Include="src\View\Mode\ViewModeScaleBars.cpp">
      <Filter>Source Files</Filter>
    </ClCompile>
    <ClCompile Include="src\View\Mode\ViewModeScaleMarker.cpp">
      <Filter>Source Files</Filter>
    </ClCompile>
    <ClCompile Include="src\View\Painter\BufferPainter.cpp">
      <Filter>Source Files</Filter>
    </ClCompile>
    <ClCompile Include="src\View\Painter\GridPainter.cpp">
      <Filter>Source Files</Filter>
    </ClCompile>
    <ClCompile Include="src\View\Painter\MidiPainter.cpp">
      <Filter>Source Files</Filter>
    </ClCompile>
    <ClCompile Include="src\View\Selection.cpp">
      <Filter>Source Files</Filter>
    </ClCompile>
    <ClCompile Include="src\View\SideBar\CaptureConsole.cpp">
      <Filter>Source Files</Filter>
    </ClCompile>
    <ClCompile Include="src\View\SideBar\CaptureConsoleModes\CaptureConsoleMode.cpp">
      <Filter>Source Files</Filter>
    </ClCompile>
    <ClCompile Include="src\View\SideBar\CaptureConsoleModes\CaptureConsoleModeAudio.cpp">
      <Filter>Source Files</Filter>
    </ClCompile>
    <ClCompile Include="src\View\SideBar\CaptureConsoleModes\CaptureConsoleModeMidi.cpp">
      <Filter>Source Files</Filter>
    </ClCompile>
    <ClCompile Include="src\View\SideBar\CaptureConsoleModes\CaptureConsoleModeMulti.cpp">
      <Filter>Source Files</Filter>
    </ClCompile>
    <ClCompile Include="src\View\SideBar\CurveConsole.cpp">
      <Filter>Source Files</Filter>
    </ClCompile>
    <ClCompile Include="src\View\SideBar\MidiEditorConsole.cpp">
      <Filter>Source Files</Filter>
    </ClCompile>
    <ClCompile Include="src\View\SideBar\SampleManagerConsole.cpp">
      <Filter>Source Files</Filter>
    </ClCompile>
    <ClCompile Include="src\View\SideBar\SampleRefConsole.cpp">
      <Filter>Source Files</Filter>
    </ClCompile>
    <ClCompile Include="src\View\SideBar\SideBar.cpp">
      <Filter>Source Files</Filter>
    </ClCompile>
    <ClCompile Include="src\View\SideBar\SongConsole.cpp">
      <Filter>Source Files</Filter>
    </ClCompile>
    <ClCompile Include="src\View\SideBar\SynthConsole.cpp">
      <Filter>Source Files</Filter>
    </ClCompile>
    <ClCompile Include="src\View\SideBar\TrackConsole.cpp">
      <Filter>Source Files</Filter>
    </ClCompile>
    <ClCompile Include="src\View\TrackHeightManager.cpp">
      <Filter>Source Files</Filter>
    </ClCompile>
    <ClCompile Include="src\View\ViewPort.cpp">
      <Filter>Source Files</Filter>
    </ClCompile>
  </ItemGroup>
  <ItemGroup>
    <ClInclude Include="src\Action\Action.h">
      <Filter>Header Files</Filter>
    </ClInclude>
    <ClInclude Include="src\Action\ActionGroup.h">
      <Filter>Header Files</Filter>
    </ClInclude>
    <ClInclude Include="src\Action\ActionManager.h">
      <Filter>Header Files</Filter>
    </ClInclude>
    <ClInclude Include="src\Action\ActionMergable.h">
      <Filter>Header Files</Filter>
    </ClInclude>
    <ClInclude Include="src\Action\Bar\ActionBarAdd.h">
      <Filter>Header Files</Filter>
    </ClInclude>
    <ClInclude Include="src\Action\Bar\ActionBarDelete.h">
      <Filter>Header Files</Filter>
    </ClInclude>
    <ClInclude Include="src\Action\Bar\ActionBarEdit.h">
      <Filter>Header Files</Filter>
    </ClInclude>
    <ClInclude Include="src\Action\Bar\ActionBar__Add.h">
      <Filter>Header Files</Filter>
    </ClInclude>
    <ClInclude Include="src\Action\Bar\ActionBar__Delete.h">
      <Filter>Header Files</Filter>
    </ClInclude>
    <ClInclude Include="src\Action\Bar\ActionBar__Edit.h">
      <Filter>Header Files</Filter>
    </ClInclude>
    <ClInclude Include="src\Action\Bar\Action__ScaleData.h">
      <Filter>Header Files</Filter>
    </ClInclude>
    <ClInclude Include="src\Action\Bar\Action__ShiftData.h">
      <Filter>Header Files</Filter>
    </ClInclude>
    <ClInclude Include="src\Action\Curve\ActionCurveAdd.h">
      <Filter>Header Files</Filter>
    </ClInclude>
    <ClInclude Include="src\Action\Curve\ActionCurveAddPoint.h">
      <Filter>Header Files</Filter>
    </ClInclude>
    <ClInclude Include="src\Action\Curve\ActionCurveDelete.h">
      <Filter>Header Files</Filter>
    </ClInclude>
    <ClInclude Include="src\Action\Curve\ActionCurveDeletePoint.h">
      <Filter>Header Files</Filter>
    </ClInclude>
    <ClInclude Include="src\Action\Curve\ActionCurveEdit.h">
      <Filter>Header Files</Filter>
    </ClInclude>
    <ClInclude Include="src\Action\Curve\ActionCurveEditPoint.h">
      <Filter>Header Files</Filter>
    </ClInclude>
    <ClInclude Include="src\Action\Sample\ActionSampleAdd.h">
      <Filter>Header Files</Filter>
    </ClInclude>
    <ClInclude Include="src\Action\Sample\ActionSampleDelete.h">
      <Filter>Header Files</Filter>
    </ClInclude>
    <ClInclude Include="src\Action\Sample\ActionSampleEditName.h">
      <Filter>Header Files</Filter>
    </ClInclude>
    <ClInclude Include="src\Action\Sample\ActionSampleScale.h">
      <Filter>Header Files</Filter>
    </ClInclude>
    <ClInclude Include="src\Action\Song\ActionSongDeleteSelection.h">
      <Filter>Header Files</Filter>
    </ClInclude>
    <ClInclude Include="src\Action\Song\ActionSongMoveSelection.h">
      <Filter>Header Files</Filter>
    </ClInclude>
    <ClInclude Include="src\Action\Song\Data\ActionSongChangeAllTrackVolumes.h">
      <Filter>Header Files</Filter>
    </ClInclude>
    <ClInclude Include="src\Action\Song\Data\ActionSongSetDefaultFormat.h">
      <Filter>Header Files</Filter>
    </ClInclude>
    <ClInclude Include="src\Action\Song\Data\ActionSongSetSampleRate.h">
      <Filter>Header Files</Filter>
    </ClInclude>
    <ClInclude Include="src\Action\Tag\ActionTagAdd.h">
      <Filter>Header Files</Filter>
    </ClInclude>
    <ClInclude Include="src\Action\Tag\ActionTagDelete.h">
      <Filter>Header Files</Filter>
    </ClInclude>
    <ClInclude Include="src\Action\Tag\ActionTagEdit.h">
      <Filter>Header Files</Filter>
    </ClInclude>
    <ClInclude Include="src\Action\Track\ActionTrackAdd.h">
      <Filter>Header Files</Filter>
    </ClInclude>
    <ClInclude Include="src\Action\Track\ActionTrackDelete.h">
      <Filter>Header Files</Filter>
    </ClInclude>
    <ClInclude Include="src\Action\Track\ActionTrackMove.h">
      <Filter>Header Files</Filter>
    </ClInclude>
    <ClInclude Include="src\Action\Track\ActionTrack__DeleteEmpty.h">
      <Filter>Header Files</Filter>
    </ClInclude>
    <ClInclude Include="src\Action\Track\Buffer\ActionTrackCreateBuffers.h">
      <Filter>Header Files</Filter>
    </ClInclude>
    <ClInclude Include="src\Action\Track\Buffer\ActionTrackEditBuffer.h">
      <Filter>Header Files</Filter>
    </ClInclude>
    <ClInclude Include="src\Action\Track\Buffer\ActionTrackSetChannels.h">
      <Filter>Header Files</Filter>
    </ClInclude>
    <ClInclude Include="src\Action\Track\Buffer\ActionTrack__AbsorbBuffer.h">
      <Filter>Header Files</Filter>
    </ClInclude>
    <ClInclude Include="src\Action\Track\Buffer\ActionTrack__AddBuffer.h">
      <Filter>Header Files</Filter>
    </ClInclude>
    <ClInclude Include="src\Action\Track\Buffer\ActionTrack__BufferSetChannels.h">
      <Filter>Header Files</Filter>
    </ClInclude>
    <ClInclude Include="src\Action\Track\Buffer\ActionTrack__DeleteBuffer.h">
      <Filter>Header Files</Filter>
    </ClInclude>
    <ClInclude Include="src\Action\Track\Buffer\ActionTrack__GrowBuffer.h">
      <Filter>Header Files</Filter>
    </ClInclude>
    <ClInclude Include="src\Action\Track\Buffer\ActionTrack__ShrinkBuffer.h">
      <Filter>Header Files</Filter>
    </ClInclude>
    <ClInclude Include="src\Action\Track\Buffer\ActionTrack__SplitBuffer.h">
      <Filter>Header Files</Filter>
    </ClInclude>
    <ClInclude Include="src\Action\Track\Data\ActionTrackEditMuted.h">
      <Filter>Header Files</Filter>
    </ClInclude>
    <ClInclude Include="src\Action\Track\Data\ActionTrackEditName.h">
      <Filter>Header Files</Filter>
    </ClInclude>
    <ClInclude Include="src\Action\Track\Data\ActionTrackEditPanning.h">
      <Filter>Header Files</Filter>
    </ClInclude>
    <ClInclude Include="src\Action\Track\Data\ActionTrackEditVolume.h">
      <Filter>Header Files</Filter>
    </ClInclude>
    <ClInclude Include="src\Action\Track\Data\ActionTrackSetInstrument.h">
      <Filter>Header Files</Filter>
    </ClInclude>
    <ClInclude Include="src\Action\Track\Effect\ActionTrackAddEffect.h">
      <Filter>Header Files</Filter>
    </ClInclude>
    <ClInclude Include="src\Action\Track\Effect\ActionTrackDeleteAudioEffect.h">
      <Filter>Header Files</Filter>
    </ClInclude>
    <ClInclude Include="src\Action\Track\Effect\ActionTrackEditEffect.h">
      <Filter>Header Files</Filter>
    </ClInclude>
    <ClInclude Include="src\Action\Track\Effect\ActionTrackMoveAudioEffect.h">
      <Filter>Header Files</Filter>
    </ClInclude>
    <ClInclude Include="src\Action\Track\Effect\ActionTrackToggleEffectEnabled.h">
      <Filter>Header Files</Filter>
    </ClInclude>
    <ClInclude Include="src\Action\Track\Layer\ActionTrackFadeAdd.h">
      <Filter>Header Files</Filter>
    </ClInclude>
    <ClInclude Include="src\Action\Track\Layer\ActionTrackFadeDelete.h">
      <Filter>Header Files</Filter>
    </ClInclude>
    <ClInclude Include="src\Action\Track\Layer\ActionTrackLayerAdd.h">
      <Filter>Header Files</Filter>
    </ClInclude>
    <ClInclude Include="src\Action\Track\Layer\ActionTrackLayerDelete.h">
      <Filter>Header Files</Filter>
    </ClInclude>
    <ClInclude Include="src\Action\Track\Layer\ActionTrackLayerMakeTrack.h">
      <Filter>Header Files</Filter>
    </ClInclude>
    <ClInclude Include="src\Action\Track\Layer\ActionTrackLayerMarkDominant.h">
      <Filter>Header Files</Filter>
    </ClInclude>
    <ClInclude Include="src\Action\Track\Layer\ActionTrackLayerMerge.h">
      <Filter>Header Files</Filter>
    </ClInclude>
    <ClInclude Include="src\Action\Track\Layer\ActionTrackLayerMove.h">
      <Filter>Header Files</Filter>
    </ClInclude>
    <ClInclude Include="src\Action\Track\Layer\ActionTrackLayer__Delete.h">
      <Filter>Header Files</Filter>
    </ClInclude>
    <ClInclude Include="src\Action\Track\Marker\ActionTrackAddMarker.h">
      <Filter>Header Files</Filter>
    </ClInclude>
    <ClInclude Include="src\Action\Track\Marker\ActionTrackDeleteMarker.h">
      <Filter>Header Files</Filter>
    </ClInclude>
    <ClInclude Include="src\Action\Track\Marker\ActionTrackEditMarker.h">
      <Filter>Header Files</Filter>
    </ClInclude>
    <ClInclude Include="src\Action\Track\Midi\ActionTrackAddMidiEffect.h">
      <Filter>Header Files</Filter>
    </ClInclude>
    <ClInclude Include="src\Action\Track\Midi\ActionTrackAddMidiNote.h">
      <Filter>Header Files</Filter>
    </ClInclude>
    <ClInclude Include="src\Action\Track\Midi\ActionTrackDeleteMidiEffect.h">
      <Filter>Header Files</Filter>
    </ClInclude>
    <ClInclude Include="src\Action\Track\Midi\ActionTrackDeleteMidiNote.h">
      <Filter>Header Files</Filter>
    </ClInclude>
    <ClInclude Include="src\Action\Track\Midi\ActionTrackEditMidiEffect.h">
      <Filter>Header Files</Filter>
    </ClInclude>
    <ClInclude Include="src\Action\Track\Midi\ActionTrackEditMidiNote.h">
      <Filter>Header Files</Filter>
    </ClInclude>
    <ClInclude Include="src\Action\Track\Midi\ActionTrackInsertMidi.h">
      <Filter>Header Files</Filter>
    </ClInclude>
    <ClInclude Include="src\Action\Track\Midi\ActionTrackMoveMidiEffect.h">
      <Filter>Header Files</Filter>
    </ClInclude>
    <ClInclude Include="src\Action\Track\Midi\ActionTrackToggleMidiEffectEnabled.h">
      <Filter>Header Files</Filter>
    </ClInclude>
    <ClInclude Include="src\Action\Track\Sample\ActionTrackAddSample.h">
      <Filter>Header Files</Filter>
    </ClInclude>
    <ClInclude Include="src\Action\Track\Sample\ActionTrackDeleteSample.h">
      <Filter>Header Files</Filter>
    </ClInclude>
    <ClInclude Include="src\Action\Track\Sample\ActionTrackEditSample.h">
      <Filter>Header Files</Filter>
    </ClInclude>
    <ClInclude Include="src\Action\Track\Sample\ActionTrackInsertSample.h">
      <Filter>Header Files</Filter>
    </ClInclude>
    <ClInclude Include="src\Action\Track\Sample\ActionTrackInsertSelectedSamples.h">
      <Filter>Header Files</Filter>
    </ClInclude>
    <ClInclude Include="src\Action\Track\Sample\ActionTrackPasteAsSample.h">
      <Filter>Header Files</Filter>
    </ClInclude>
    <ClInclude Include="src\Action\Track\Sample\ActionTrackSampleFromSelection.h">
      <Filter>Header Files</Filter>
    </ClInclude>
    <ClInclude Include="src\Action\Track\Synthesizer\ActionTrackDetuneSynthesizer.h">
      <Filter>Header Files</Filter>
    </ClInclude>
    <ClInclude Include="src\Action\Track\Synthesizer\ActionTrackEditSynthesizer.h">
      <Filter>Header Files</Filter>
    </ClInclude>
    <ClInclude Include="src\Action\Track\Synthesizer\ActionTrackSetSynthesizer.h">
      <Filter>Header Files</Filter>
    </ClInclude>
    <ClInclude Include="src\Data\Audio\AudioBuffer.h">
      <Filter>Header Files</Filter>
    </ClInclude>
    <ClInclude Include="src\Data\Audio\BufferInterpolator.h">
      <Filter>Header Files</Filter>
    </ClInclude>
    <ClInclude Include="src\Data\Audio\RingBuffer.h">
      <Filter>Header Files</Filter>
    </ClInclude>
    <ClInclude Include="src\Data\base.h">
      <Filter>Header Files</Filter>
    </ClInclude>
    <ClInclude Include="src\Data\CrossFade.h">
      <Filter>Header Files</Filter>
    </ClInclude>
    <ClInclude Include="src\Data\Curve.h">
      <Filter>Header Files</Filter>
    </ClInclude>
    <ClInclude Include="src\Data\Data.h">
      <Filter>Header Files</Filter>
    </ClInclude>
    <ClInclude Include="src\Data\Midi\Clef.h">
      <Filter>Header Files</Filter>
    </ClInclude>
    <ClInclude Include="src\Data\Midi\Instrument.h">
      <Filter>Header Files</Filter>
    </ClInclude>
    <ClInclude Include="src\Data\Midi\MidiData.h">
      <Filter>Header Files</Filter>
    </ClInclude>
    <ClInclude Include="src\Data\Midi\MidiEvent.h">
      <Filter>Header Files</Filter>
    </ClInclude>
    <ClInclude Include="src\Data\Midi\MidiNote.h">
      <Filter>Header Files</Filter>
    </ClInclude>
    <ClInclude Include="src\Data\Midi\Scale.h">
      <Filter>Header Files</Filter>
    </ClInclude>
    <ClInclude Include="src\Data\Range.h">
      <Filter>Header Files</Filter>
    </ClInclude>
    <ClInclude Include="src\Data\Rhythm\Bar.h">
      <Filter>Header Files</Filter>
    </ClInclude>
    <ClInclude Include="src\Data\Rhythm\BarCollection.h">
      <Filter>Header Files</Filter>
    </ClInclude>
    <ClInclude Include="src\Data\Rhythm\Beat.h">
      <Filter>Header Files</Filter>
    </ClInclude>
    <ClInclude Include="src\Data\Sample.h">
      <Filter>Header Files</Filter>
    </ClInclude>
    <ClInclude Include="src\Data\SampleRef.h">
      <Filter>Header Files</Filter>
    </ClInclude>
    <ClInclude Include="src\Data\Song.h">
      <Filter>Header Files</Filter>
    </ClInclude>
    <ClInclude Include="src\Data\SongSelection.h">
      <Filter>Header Files</Filter>
    </ClInclude>
    <ClInclude Include="src\Data\Track.h">
      <Filter>Header Files</Filter>
    </ClInclude>
    <ClInclude Include="src\Data\TrackLayer.h">
      <Filter>Header Files</Filter>
    </ClInclude>
    <ClInclude Include="src\Data\TrackMarker.h">
      <Filter>Header Files</Filter>
    </ClInclude>
    <ClInclude Include="src\Device\Device.h">
      <Filter>Header Files</Filter>
    </ClInclude>
    <ClInclude Include="src\Device\DeviceManager.h">
      <Filter>Header Files</Filter>
    </ClInclude>
    <ClInclude Include="src\lib\base\array.h">
      <Filter>Header Files</Filter>
    </ClInclude>
    <ClInclude Include="src\lib\base\base.h">
      <Filter>Header Files</Filter>
    </ClInclude>
    <ClInclude Include="src\lib\base\macros.h">
      <Filter>Header Files</Filter>
    </ClInclude>
    <ClInclude Include="src\lib\base\map.h">
      <Filter>Header Files</Filter>
    </ClInclude>
    <ClInclude Include="src\lib\base\set.h">
      <Filter>Header Files</Filter>
    </ClInclude>
    <ClInclude Include="src\lib\base\strings.h">
      <Filter>Header Files</Filter>
    </ClInclude>
    <ClInclude Include="src\lib\config.h">
      <Filter>Header Files</Filter>
    </ClInclude>
    <ClInclude Include="src\lib\file\file.h">
      <Filter>Header Files</Filter>
    </ClInclude>
    <ClInclude Include="src\lib\file\file_op.h">
      <Filter>Header Files</Filter>
    </ClInclude>
    <ClInclude Include="src\lib\file\msg.h">
      <Filter>Header Files</Filter>
    </ClInclude>
    <ClInclude Include="src\lib\hui\Application.h">
      <Filter>Header Files</Filter>
    </ClInclude>
    <ClInclude Include="src\lib\hui\Callback.h">
      <Filter>Header Files</Filter>
    </ClInclude>
    <ClInclude Include="src\lib\hui\Clipboard.h">
      <Filter>Header Files</Filter>
    </ClInclude>
    <ClInclude Include="src\lib\hui\common.h">
      <Filter>Header Files</Filter>
    </ClInclude>
    <ClInclude Include="src\lib\hui\common_dlg.h">
      <Filter>Header Files</Filter>
    </ClInclude>
    <ClInclude Include="src\lib\hui\Config.h">
      <Filter>Header Files</Filter>
    </ClInclude>
    <ClInclude Include="src\lib\hui\Controls\Control.h">
      <Filter>Header Files</Filter>
    </ClInclude>
    <ClInclude Include="src\lib\hui\Controls\ControlButton.h">
      <Filter>Header Files</Filter>
    </ClInclude>
    <ClInclude Include="src\lib\hui\Controls\ControlCheckBox.h">
      <Filter>Header Files</Filter>
    </ClInclude>
    <ClInclude Include="src\lib\hui\Controls\ControlColorButton.h">
      <Filter>Header Files</Filter>
    </ClInclude>
    <ClInclude Include="src\lib\hui\Controls\ControlComboBox.h">
      <Filter>Header Files</Filter>
    </ClInclude>
    <ClInclude Include="src\lib\hui\Controls\ControlDrawingArea.h">
      <Filter>Header Files</Filter>
    </ClInclude>
    <ClInclude Include="src\lib\hui\Controls\ControlEdit.h">
      <Filter>Header Files</Filter>
    </ClInclude>
    <ClInclude Include="src\lib\hui\Controls\ControlExpander.h">
      <Filter>Header Files</Filter>
    </ClInclude>
    <ClInclude Include="src\lib\hui\Controls\ControlGrid.h">
      <Filter>Header Files</Filter>
    </ClInclude>
    <ClInclude Include="src\lib\hui\Controls\ControlGroup.h">
      <Filter>Header Files</Filter>
    </ClInclude>
    <ClInclude Include="src\lib\hui\Controls\ControlLabel.h">
      <Filter>Header Files</Filter>
    </ClInclude>
    <ClInclude Include="src\lib\hui\Controls\ControlListView.h">
      <Filter>Header Files</Filter>
    </ClInclude>
    <ClInclude Include="src\lib\hui\Controls\ControlMenuButton.h">
      <Filter>Header Files</Filter>
    </ClInclude>
    <ClInclude Include="src\lib\hui\Controls\ControlMultilineEdit.h">
      <Filter>Header Files</Filter>
    </ClInclude>
    <ClInclude Include="src\lib\hui\Controls\ControlPaned.h">
      <Filter>Header Files</Filter>
    </ClInclude>
    <ClInclude Include="src\lib\hui\Controls\ControlProgressBar.h">
      <Filter>Header Files</Filter>
    </ClInclude>
    <ClInclude Include="src\lib\hui\Controls\ControlRadioButton.h">
      <Filter>Header Files</Filter>
    </ClInclude>
    <ClInclude Include="src\lib\hui\Controls\ControlRevealer.h">
      <Filter>Header Files</Filter>
    </ClInclude>
    <ClInclude Include="src\lib\hui\Controls\ControlScroller.h">
      <Filter>Header Files</Filter>
    </ClInclude>
    <ClInclude Include="src\lib\hui\Controls\ControlSeparator.h">
      <Filter>Header Files</Filter>
    </ClInclude>
    <ClInclude Include="src\lib\hui\Controls\ControlSlider.h">
      <Filter>Header Files</Filter>
    </ClInclude>
    <ClInclude Include="src\lib\hui\Controls\ControlSpinButton.h">
      <Filter>Header Files</Filter>
    </ClInclude>
    <ClInclude Include="src\lib\hui\Controls\ControlTabControl.h">
      <Filter>Header Files</Filter>
    </ClInclude>
    <ClInclude Include="src\lib\hui\Controls\ControlToggleButton.h">
      <Filter>Header Files</Filter>
    </ClInclude>
    <ClInclude Include="src\lib\hui\Controls\ControlTreeView.h">
      <Filter>Header Files</Filter>
    </ClInclude>
    <ClInclude Include="src\lib\hui\Controls\MenuItem.h">
      <Filter>Header Files</Filter>
    </ClInclude>
    <ClInclude Include="src\lib\hui\Controls\MenuItemSeparator.h">
      <Filter>Header Files</Filter>
    </ClInclude>
    <ClInclude Include="src\lib\hui\Controls\MenuItemSubmenu.h">
      <Filter>Header Files</Filter>
    </ClInclude>
    <ClInclude Include="src\lib\hui\Controls\MenuItemToggle.h">
      <Filter>Header Files</Filter>
    </ClInclude>
    <ClInclude Include="src\lib\hui\Controls\ToolItemButton.h">
      <Filter>Header Files</Filter>
    </ClInclude>
    <ClInclude Include="src\lib\hui\Controls\ToolItemMenuButton.h">
      <Filter>Header Files</Filter>
    </ClInclude>
    <ClInclude Include="src\lib\hui\Controls\ToolItemSeparator.h">
      <Filter>Header Files</Filter>
    </ClInclude>
    <ClInclude Include="src\lib\hui\Controls\ToolItemToggleButton.h">
      <Filter>Header Files</Filter>
    </ClInclude>
    <ClInclude Include="src\lib\hui\error.h">
      <Filter>Header Files</Filter>
    </ClInclude>
    <ClInclude Include="src\lib\hui\Event.h">
      <Filter>Header Files</Filter>
    </ClInclude>
    <ClInclude Include="src\lib\hui\hui.h">
      <Filter>Header Files</Filter>
    </ClInclude>
    <ClInclude Include="src\lib\hui\internal.h">
      <Filter>Header Files</Filter>
    </ClInclude>
    <ClInclude Include="src\lib\hui\language.h">
      <Filter>Header Files</Filter>
    </ClInclude>
    <ClInclude Include="src\lib\hui\main.h">
      <Filter>Header Files</Filter>
    </ClInclude>
    <ClInclude Include="src\lib\hui\Menu.h">
      <Filter>Header Files</Filter>
    </ClInclude>
    <ClInclude Include="src\lib\hui\Painter.h">
      <Filter>Header Files</Filter>
    </ClInclude>
    <ClInclude Include="src\lib\hui\Panel.h">
      <Filter>Header Files</Filter>
    </ClInclude>
    <ClInclude Include="src\lib\hui\Resource.h">
      <Filter>Header Files</Filter>
    </ClInclude>
    <ClInclude Include="src\lib\hui\Timer.h">
      <Filter>Header Files</Filter>
    </ClInclude>
    <ClInclude Include="src\lib\hui\Toolbar.h">
      <Filter>Header Files</Filter>
    </ClInclude>
    <ClInclude Include="src\lib\hui\utility.h">
      <Filter>Header Files</Filter>
    </ClInclude>
    <ClInclude Include="src\lib\hui\Window.h">
      <Filter>Header Files</Filter>
    </ClInclude>
    <ClInclude Include="src\lib\image\color.h">
      <Filter>Header Files</Filter>
    </ClInclude>
    <ClInclude Include="src\lib\image\image.h">
      <Filter>Header Files</Filter>
    </ClInclude>
    <ClInclude Include="src\lib\image\ImagePainter.h">
      <Filter>Header Files</Filter>
    </ClInclude>
    <ClInclude Include="src\lib\image\image_bmp.h">
      <Filter>Header Files</Filter>
    </ClInclude>
    <ClInclude Include="src\lib\image\image_jpg.h">
      <Filter>Header Files</Filter>
    </ClInclude>
    <ClInclude Include="src\lib\image\image_png.h">
      <Filter>Header Files</Filter>
    </ClInclude>
    <ClInclude Include="src\lib\image\image_tga.h">
      <Filter>Header Files</Filter>
    </ClInclude>
    <ClInclude Include="src\lib\image\Painter.h">
      <Filter>Header Files</Filter>
    </ClInclude>
    <ClInclude Include="src\lib\kaba\asm\asm.h">
      <Filter>Header Files</Filter>
    </ClInclude>
    <ClInclude Include="src\lib\kaba\compiler\serializer.h">
      <Filter>Header Files</Filter>
    </ClInclude>
    <ClInclude Include="src\lib\kaba\compiler\serializer_amd64.h">
      <Filter>Header Files</Filter>
    </ClInclude>
    <ClInclude Include="src\lib\kaba\compiler\serializer_arm.h">
      <Filter>Header Files</Filter>
    </ClInclude>
    <ClInclude Include="src\lib\kaba\compiler\serializer_x86.h">
      <Filter>Header Files</Filter>
    </ClInclude>
    <ClInclude Include="src\lib\kaba\kaba.h">
      <Filter>Header Files</Filter>
    </ClInclude>
    <ClInclude Include="src\lib\kaba\lib\common.h">
      <Filter>Header Files</Filter>
    </ClInclude>
    <ClInclude Include="src\lib\kaba\lib\exception.h">
      <Filter>Header Files</Filter>
    </ClInclude>
    <ClInclude Include="src\lib\kaba\lib\lib.h">
      <Filter>Header Files</Filter>
    </ClInclude>
    <ClInclude Include="src\lib\kaba\syntax\Class.h">
      <Filter>Header Files</Filter>
    </ClInclude>
    <ClInclude Include="src\lib\kaba\syntax\Constant.h">
      <Filter>Header Files</Filter>
    </ClInclude>
    <ClInclude Include="src\lib\kaba\syntax\Function.h">
      <Filter>Header Files</Filter>
    </ClInclude>
    <ClInclude Include="src\lib\kaba\syntax\lexical.h">
      <Filter>Header Files</Filter>
    </ClInclude>
    <ClInclude Include="src\lib\kaba\syntax\Node.h">
      <Filter>Header Files</Filter>
    </ClInclude>
    <ClInclude Include="src\lib\kaba\syntax\SyntaxTree.h">
      <Filter>Header Files</Filter>
    </ClInclude>
    <ClInclude Include="src\lib\math\complex.h">
      <Filter>Header Files</Filter>
    </ClInclude>
    <ClInclude Include="src\lib\math\interpolation.h">
      <Filter>Header Files</Filter>
    </ClInclude>
    <ClInclude Include="src\lib\math\math.h">
      <Filter>Header Files</Filter>
    </ClInclude>
    <ClInclude Include="src\lib\math\matrix.h">
      <Filter>Header Files</Filter>
    </ClInclude>
    <ClInclude Include="src\lib\math\matrix3.h">
      <Filter>Header Files</Filter>
    </ClInclude>
    <ClInclude Include="src\lib\math\plane.h">
      <Filter>Header Files</Filter>
    </ClInclude>
    <ClInclude Include="src\lib\math\quaternion.h">
      <Filter>Header Files</Filter>
    </ClInclude>
    <ClInclude Include="src\lib\math\random.h">
      <Filter>Header Files</Filter>
    </ClInclude>
    <ClInclude Include="src\lib\math\ray.h">
      <Filter>Header Files</Filter>
    </ClInclude>
    <ClInclude Include="src\lib\math\rect.h">
      <Filter>Header Files</Filter>
    </ClInclude>
    <ClInclude Include="src\lib\math\vector.h">
      <Filter>Header Files</Filter>
    </ClInclude>
    <ClInclude Include="src\lib\net\net.h">
      <Filter>Header Files</Filter>
    </ClInclude>
    <ClInclude Include="src\lib\threads\Mutex.h">
      <Filter>Header Files</Filter>
    </ClInclude>
    <ClInclude Include="src\lib\threads\Thread.h">
      <Filter>Header Files</Filter>
    </ClInclude>
    <ClInclude Include="src\lib\threads\ThreadedWork.h">
      <Filter>Header Files</Filter>
    </ClInclude>
    <ClInclude Include="src\lib\xfile\chunked.h">
      <Filter>Header Files</Filter>
    </ClInclude>
    <ClInclude Include="src\lib\xfile\pdf.h">
      <Filter>Header Files</Filter>
    </ClInclude>
    <ClInclude Include="src\lib\xfile\xml.h">
      <Filter>Header Files</Filter>
    </ClInclude>
    <ClInclude Include="src\Module\Audio\AudioBackup.h">
      <Filter>Header Files</Filter>
    </ClInclude>
    <ClInclude Include="src\Module\Audio\AudioEffect.h">
      <Filter>Header Files</Filter>
    </ClInclude>
    <ClInclude Include="src\Module\Audio\AudioJoiner.h">
      <Filter>Header Files</Filter>
    </ClInclude>
    <ClInclude Include="src\Module\Audio\AudioRecorder.h">
      <Filter>Header Files</Filter>
    </ClInclude>
    <ClInclude Include="src\Module\Audio\AudioSource.h">
      <Filter>Header Files</Filter>
    </ClInclude>
    <ClInclude Include="src\Module\Audio\AudioSucker.h">
      <Filter>Header Files</Filter>
    </ClInclude>
    <ClInclude Include="src\Module\Audio\AudioVisualizer.h">
      <Filter>Header Files</Filter>
    </ClInclude>
    <ClInclude Include="src\Module\Audio\BufferStreamer.h">
      <Filter>Header Files</Filter>
    </ClInclude>
    <ClInclude Include="src\Module\Audio\PeakMeter.h">
      <Filter>Header Files</Filter>
    </ClInclude>
    <ClInclude Include="src\Module\Audio\PitchDetector.h">
      <Filter>Header Files</Filter>
    </ClInclude>
    <ClInclude Include="src\Module\Audio\SongRenderer.h">
      <Filter>Header Files</Filter>
    </ClInclude>
    <ClInclude Include="src\Module\Audio\TrackRenderer.h">
      <Filter>Header Files</Filter>
    </ClInclude>
    <ClInclude Include="src\Module\AutoConfigPanel.h">
      <Filter>Header Files</Filter>
    </ClInclude>
    <ClInclude Include="src\Module\Beats\BarStreamer.h">
      <Filter>Header Files</Filter>
    </ClInclude>
    <ClInclude Include="src\Module\Beats\BeatMidifier.h">
      <Filter>Header Files</Filter>
    </ClInclude>
    <ClInclude Include="src\Module\Beats\BeatSource.h">
      <Filter>Header Files</Filter>
    </ClInclude>
    <ClInclude Include="src\Module\ConfigPanel.h">
      <Filter>Header Files</Filter>
    </ClInclude>
    <ClInclude Include="src\Module\Midi\MidiEffect.h">
      <Filter>Header Files</Filter>
    </ClInclude>
    <ClInclude Include="src\Module\Midi\MidiEventStreamer.h">
      <Filter>Header Files</Filter>
    </ClInclude>
    <ClInclude Include="src\Module\Midi\MidiRecorder.h">
      <Filter>Header Files</Filter>
    </ClInclude>
    <ClInclude Include="src\Module\Midi\MidiSource.h">
      <Filter>Header Files</Filter>
    </ClInclude>
    <ClInclude Include="src\Module\Midi\MidiSucker.h">
      <Filter>Header Files</Filter>
    </ClInclude>
    <ClInclude Include="src\Module\Module.h">
      <Filter>Header Files</Filter>
    </ClInclude>
    <ClInclude Include="src\Module\ModuleConfiguration.h">
      <Filter>Header Files</Filter>
    </ClInclude>
    <ClInclude Include="src\Module\ModuleFactory.h">
      <Filter>Header Files</Filter>
    </ClInclude>
    <ClInclude Include="src\Module\Port\Port.h">
      <Filter>Header Files</Filter>
    </ClInclude>
    <ClInclude Include="src\Module\SignalChain.h">
      <Filter>Header Files</Filter>
    </ClInclude>
    <ClInclude Include="src\Module\Synth\DummySynthesizer.h">
      <Filter>Header Files</Filter>
    </ClInclude>
    <ClInclude Include="src\Module\Synth\EnvelopeADSR.h">
      <Filter>Header Files</Filter>
    </ClInclude>
    <ClInclude Include="src\Module\Synth\SampleSynthesizer.h">
      <Filter>Header Files</Filter>
    </ClInclude>
    <ClInclude Include="src\Module\Synth\Synthesizer.h">
      <Filter>Header Files</Filter>
    </ClInclude>
    <ClInclude Include="src\Plugins\ExtendedAudioBuffer.h">
      <Filter>Header Files</Filter>
    </ClInclude>
    <ClInclude Include="src\Plugins\FastFourierTransform.h">
      <Filter>Header Files</Filter>
    </ClInclude>
    <ClInclude Include="src\Plugins\FavoriteManager.h">
      <Filter>Header Files</Filter>
    </ClInclude>
    <ClInclude Include="src\Plugins\Plugin.h">
      <Filter>Header Files</Filter>
    </ClInclude>
    <ClInclude Include="src\Plugins\PluginManager.h">
      <Filter>Header Files</Filter>
    </ClInclude>
    <ClInclude Include="src\Plugins\SongPlugin.h">
      <Filter>Header Files</Filter>
    </ClInclude>
    <ClInclude Include="src\Plugins\TsunamiPlugin.h">
      <Filter>Header Files</Filter>
    </ClInclude>
    <ClInclude Include="src\Session.h">
      <Filter>Header Files</Filter>
    </ClInclude>
    <ClInclude Include="src\Storage\Dialog\PdfConfigDialog.h">
      <Filter>Header Files</Filter>
    </ClInclude>
    <ClInclude Include="src\Storage\Dialog\RawConfigDialog.h">
      <Filter>Header Files</Filter>
    </ClInclude>
    <ClInclude Include="src\Storage\Format\Format.h">
      <Filter>Header Files</Filter>
    </ClInclude>
    <ClInclude Include="src\Storage\Format\FormatFlac.h">
      <Filter>Header Files</Filter>
    </ClInclude>
    <ClInclude Include="src\Storage\Format\FormatGuitarPro.h">
      <Filter>Header Files</Filter>
    </ClInclude>
    <ClInclude Include="src\Storage\Format\FormatM4a.h">
      <Filter>Header Files</Filter>
    </ClInclude>
    <ClInclude Include="src\Storage\Format\FormatMidi.h">
      <Filter>Header Files</Filter>
    </ClInclude>
    <ClInclude Include="src\Storage\Format\FormatMp3.h">
      <Filter>Header Files</Filter>
    </ClInclude>
    <ClInclude Include="src\Storage\Format\FormatNami.h">
      <Filter>Header Files</Filter>
    </ClInclude>
    <ClInclude Include="src\Storage\Format\FormatOgg.h">
      <Filter>Header Files</Filter>
    </ClInclude>
    <ClInclude Include="src\Storage\Format\FormatPdf.h">
      <Filter>Header Files</Filter>
    </ClInclude>
    <ClInclude Include="src\Storage\Format\FormatRaw.h">
      <Filter>Header Files</Filter>
    </ClInclude>
    <ClInclude Include="src\Storage\Format\FormatSoundFont2.h">
      <Filter>Header Files</Filter>
    </ClInclude>
    <ClInclude Include="src\Storage\Format\FormatWave.h">
      <Filter>Header Files</Filter>
    </ClInclude>
    <ClInclude Include="src\Storage\Storage.h">
      <Filter>Header Files</Filter>
    </ClInclude>
    <ClInclude Include="src\Storage\StorageOperationData.h">
      <Filter>Header Files</Filter>
    </ClInclude>
    <ClInclude Include="src\Stream\AudioInput.h">
      <Filter>Header Files</Filter>
    </ClInclude>
    <ClInclude Include="src\Stream\AudioOutput.h">
      <Filter>Header Files</Filter>
    </ClInclude>
    <ClInclude Include="src\Stream\MidiInput.h">
      <Filter>Header Files</Filter>
    </ClInclude>
    <ClInclude Include="src\Stuff\BackupManager.h">
      <Filter>Header Files</Filter>
    </ClInclude>
    <ClInclude Include="src\Stuff\Clipboard.h">
      <Filter>Header Files</Filter>
    </ClInclude>
    <ClInclude Include="src\Stuff\Log.h">
      <Filter>Header Files</Filter>
    </ClInclude>
    <ClInclude Include="src\Stuff\Observable.h">
      <Filter>Header Files</Filter>
    </ClInclude>
    <ClInclude Include="src\Stuff\PerformanceMonitor.h">
      <Filter>Header Files</Filter>
    </ClInclude>
    <ClInclude Include="src\Test\TestAudioBuffer.h">
      <Filter>Header Files</Filter>
    </ClInclude>
    <ClInclude Include="src\Test\TestMidiPreview.h">
      <Filter>Header Files</Filter>
    </ClInclude>
    <ClInclude Include="src\Test\TestMixer.h">
      <Filter>Header Files</Filter>
    </ClInclude>
    <ClInclude Include="src\Test\TestPlugins.h">
      <Filter>Header Files</Filter>
    </ClInclude>
    <ClInclude Include="src\Test\TestRhythm.h">
      <Filter>Header Files</Filter>
    </ClInclude>
    <ClInclude Include="src\Test\TestRingBuffer.h">
      <Filter>Header Files</Filter>
    </ClInclude>
    <ClInclude Include="src\Test\TestStreams.h">
      <Filter>Header Files</Filter>
    </ClInclude>
    <ClInclude Include="src\Test\TestThreads.h">
      <Filter>Header Files</Filter>
    </ClInclude>
    <ClInclude Include="src\Test\UnitTest.h">
      <Filter>Header Files</Filter>
    </ClInclude>
    <ClInclude Include="src\Tsunami.h">
      <Filter>Header Files</Filter>
    </ClInclude>
    <ClInclude Include="src\TsunamiWindow.h">
      <Filter>Header Files</Filter>
    </ClInclude>
    <ClInclude Include="src\View\AudioView.h">
      <Filter>Header Files</Filter>
    </ClInclude>
    <ClInclude Include="src\View\AudioViewLayer.h">
      <Filter>Header Files</Filter>
    </ClInclude>
    <ClInclude Include="src\View\AudioViewTrack.h">
      <Filter>Header Files</Filter>
    </ClInclude>
    <ClInclude Include="src\View\BottomBar\BottomBar.h">
      <Filter>Header Files</Filter>
    </ClInclude>
    <ClInclude Include="src\View\BottomBar\DeviceConsole.h">
      <Filter>Header Files</Filter>
    </ClInclude>
    <ClInclude Include="src\View\BottomBar\LogConsole.h">
      <Filter>Header Files</Filter>
    </ClInclude>
    <ClInclude Include="src\View\BottomBar\MiniBar.h">
      <Filter>Header Files</Filter>
    </ClInclude>
    <ClInclude Include="src\View\BottomBar\MixingConsole.h">
      <Filter>Header Files</Filter>
    </ClInclude>
    <ClInclude Include="src\View\BottomBar\PluginConsole.h">
      <Filter>Header Files</Filter>
    </ClInclude>
    <ClInclude Include="src\View\BottomBar\SignalEditor.h">
      <Filter>Header Files</Filter>
    </ClInclude>
    <ClInclude Include="src\View\ColorScheme.h">
      <Filter>Header Files</Filter>
    </ClInclude>
    <ClInclude Include="src\View\Dialog\BarAddDialog.h">
      <Filter>Header Files</Filter>
    </ClInclude>
    <ClInclude Include="src\View\Dialog\BarDeleteDialog.h">
      <Filter>Header Files</Filter>
    </ClInclude>
    <ClInclude Include="src\View\Dialog\BarEditDialog.h">
      <Filter>Header Files</Filter>
    </ClInclude>
    <ClInclude Include="src\View\Dialog\ConfigurableSelectorDialog.h">
      <Filter>Header Files</Filter>
    </ClInclude>
    <ClInclude Include="src\View\Dialog\DetuneSynthesizerDialog.h">
      <Filter>Header Files</Filter>
    </ClInclude>
    <ClInclude Include="src\View\Dialog\MarkerDialog.h">
      <Filter>Header Files</Filter>
    </ClInclude>
    <ClInclude Include="src\View\Dialog\NewDialog.h">
      <Filter>Header Files</Filter>
    </ClInclude>
    <ClInclude Include="src\View\Dialog\PauseAddDialog.h">
      <Filter>Header Files</Filter>
    </ClInclude>
    <ClInclude Include="src\View\Dialog\PauseEditDialog.h">
      <Filter>Header Files</Filter>
    </ClInclude>
    <ClInclude Include="src\View\Dialog\SampleScaleDialog.h">
      <Filter>Header Files</Filter>
    </ClInclude>
    <ClInclude Include="src\View\Dialog\SettingsDialog.h">
      <Filter>Header Files</Filter>
    </ClInclude>
    <ClInclude Include="src\View\Dialog\TuningDialog.h">
      <Filter>Header Files</Filter>
    </ClInclude>
    <ClInclude Include="src\View\Helper\CpuDisplay.h">
      <Filter>Header Files</Filter>
    </ClInclude>
    <ClInclude Include="src\View\Helper\MidiPreview.h">
      <Filter>Header Files</Filter>
    </ClInclude>
    <ClInclude Include="src\View\Helper\PeakMeterDisplay.h">
      <Filter>Header Files</Filter>
    </ClInclude>
    <ClInclude Include="src\View\Helper\Progress.h">
      <Filter>Header Files</Filter>
    </ClInclude>
    <ClInclude Include="src\View\Helper\ScrollBar.h">
      <Filter>Header Files</Filter>
    </ClInclude>
    <ClInclude Include="src\View\Helper\Slider.h">
      <Filter>Header Files</Filter>
    </ClInclude>
    <ClInclude Include="src\View\Helper\SymbolRenderer.h">
      <Filter>Header Files</Filter>
    </ClInclude>
    <ClInclude Include="src\View\Mode\ViewMode.h">
      <Filter>Header Files</Filter>
    </ClInclude>
    <ClInclude Include="src\View\Mode\ViewModeCapture.h">
      <Filter>Header Files</Filter>
    </ClInclude>
    <ClInclude Include="src\View\Mode\ViewModeCurve.h">
      <Filter>Header Files</Filter>
    </ClInclude>
    <ClInclude Include="src\View\Mode\ViewModeDefault.h">
      <Filter>Header Files</Filter>
    </ClInclude>
    <ClInclude Include="src\View\Mode\ViewModeMidi.h">
      <Filter>Header Files</Filter>
    </ClInclude>
    <ClInclude Include="src\View\Mode\ViewModeScaleBars.h">
      <Filter>Header Files</Filter>
    </ClInclude>
    <ClInclude Include="src\View\Mode\ViewModeScaleMarker.h">
      <Filter>Header Files</Filter>
    </ClInclude>
    <ClInclude Include="src\View\Painter\BufferPainter.h">
      <Filter>Header Files</Filter>
    </ClInclude>
    <ClInclude Include="src\View\Painter\GridPainter.h">
      <Filter>Header Files</Filter>
    </ClInclude>
    <ClInclude Include="src\View\Painter\MidiPainter.h">
      <Filter>Header Files</Filter>
    </ClInclude>
    <ClInclude Include="src\View\Selection.h">
      <Filter>Header Files</Filter>
    </ClInclude>
    <ClInclude Include="src\View\SideBar\CaptureConsole.h">
      <Filter>Header Files</Filter>
    </ClInclude>
    <ClInclude Include="src\View\SideBar\CaptureConsoleModes\CaptureConsoleMode.h">
      <Filter>Header Files</Filter>
    </ClInclude>
    <ClInclude Include="src\View\SideBar\CaptureConsoleModes\CaptureConsoleModeAudio.h">
      <Filter>Header Files</Filter>
    </ClInclude>
    <ClInclude Include="src\View\SideBar\CaptureConsoleModes\CaptureConsoleModeMidi.h">
      <Filter>Header Files</Filter>
    </ClInclude>
    <ClInclude Include="src\View\SideBar\CaptureConsoleModes\CaptureConsoleModeMulti.h">
      <Filter>Header Files</Filter>
    </ClInclude>
    <ClInclude Include="src\View\SideBar\CurveConsole.h">
      <Filter>Header Files</Filter>
    </ClInclude>
    <ClInclude Include="src\View\SideBar\MidiEditorConsole.h">
      <Filter>Header Files</Filter>
    </ClInclude>
    <ClInclude Include="src\View\SideBar\SampleManagerConsole.h">
      <Filter>Header Files</Filter>
    </ClInclude>
    <ClInclude Include="src\View\SideBar\SampleRefConsole.h">
      <Filter>Header Files</Filter>
    </ClInclude>
    <ClInclude Include="src\View\SideBar\SideBar.h">
      <Filter>Header Files</Filter>
    </ClInclude>
    <ClInclude Include="src\View\SideBar\SongConsole.h">
      <Filter>Header Files</Filter>
    </ClInclude>
    <ClInclude Include="src\View\SideBar\SynthConsole.h">
      <Filter>Header Files</Filter>
    </ClInclude>
    <ClInclude Include="src\View\SideBar\TrackConsole.h">
      <Filter>Header Files</Filter>
    </ClInclude>
    <ClInclude Include="src\View\TrackHeightManager.h">
      <Filter>Header Files</Filter>
    </ClInclude>
    <ClInclude Include="src\View\ViewPort.h">
      <Filter>Header Files</Filter>
    </ClInclude>
  </ItemGroup>
</Project>